
Microsoft Visual Studio Solution File, Format Version 12.00
# Visual Studio 16
Project("{FAE04EC0-301F-11D3-BF4B-00C04F79EFBC}") = "Assembly-CSharp", "Assembly-CSharp.csproj", "{423F5588-D243-5F52-BE87-2DD3EF847523}"
EndProject
Global
	GlobalSection(SolutionConfigurationPlatforms) = preSolution
		Debug|Any CPU = Debug|Any CPU
		Release|Any CPU = Release|Any CPU
	EndGlobalSection
	GlobalSection(ProjectConfigurationPlatforms) = postSolution
		{423F5588-D243-5F52-BE87-2DD3EF847523}.Debug|Any CPU.ActiveCfg = Debug|Any CPU
		{423F5588-D243-5F52-BE87-2DD3EF847523}.Debug|Any CPU.Build.0 = Debug|Any CPU
		{423F5588-D243-5F52-BE87-2DD3EF847523}.Release|Any CPU.ActiveCfg = Release|Any CPU
		{423F5588-D243-5F52-BE87-2DD3EF847523}.Release|Any CPU.Build.0 = Release|Any CPU
	EndGlobalSection
	GlobalSection(SolutionProperties) = preSolution
		HideSolutionNode = FALSE
	EndGlobalSection
EndGlobal
